// !$*UTF8*$!
{
	archiveVersion = 1;
	classes = {
	};
	objectVersion = 55;
	objects = {

/* Begin PBXBuildFile section */
		96FF7F8128E41EAE00251D26 /* AppDelegate.swift in Sources */ = {isa = PBXBuildFile; fileRef = 96FF7F8028E41EAE00251D26 /* AppDelegate.swift */; };
		96FF7F8328E41EAE00251D26 /* SceneDelegate.swift in Sources */ = {isa = PBXBuildFile; fileRef = 96FF7F8228E41EAE00251D26 /* SceneDelegate.swift */; };
		96FF7F8528E41EAE00251D26 /* ViewController.swift in Sources */ = {isa = PBXBuildFile; fileRef = 96FF7F8428E41EAE00251D26 /* ViewController.swift */; };
		96FF7F8828E41EAE00251D26 /* Main.storyboard in Resources */ = {isa = PBXBuildFile; fileRef = 96FF7F8628E41EAE00251D26 /* Main.storyboard */; };
		96FF7F8A28E41EB200251D26 /* Assets.xcassets in Resources */ = {isa = PBXBuildFile; fileRef = 96FF7F8928E41EB200251D26 /* Assets.xcassets */; };
		96FF7F8D28E41EB200251D26 /* LaunchScreen.storyboard in Resources */ = {isa = PBXBuildFile; fileRef = 96FF7F8B28E41EB200251D26 /* LaunchScreen.storyboard */; };
		96FF7F9828E41EB300251D26 /* Question_AppTests.swift in Sources */ = {isa = PBXBuildFile; fileRef = 96FF7F9728E41EB300251D26 /* Question_AppTests.swift */; };
		96FF7FA228E41EB300251D26 /* Question_AppUITests.swift in Sources */ = {isa = PBXBuildFile; fileRef = 96FF7FA128E41EB300251D26 /* Question_AppUITests.swift */; };
		96FF7FA428E41EB300251D26 /* Question_AppUITestsLaunchTests.swift in Sources */ = {isa = PBXBuildFile; fileRef = 96FF7FA328E41EB300251D26 /* Question_AppUITestsLaunchTests.swift */; };
/* End PBXBuildFile section */

/* Begin PBXContainerItemProxy section */
		96FF7F9428E41EB300251D26 /* PBXContainerItemProxy */ = {
			isa = PBXContainerItemProxy;
			containerPortal = 96FF7F7528E41EAE00251D26 /* Project object */;
			proxyType = 1;
			remoteGlobalIDString = 96FF7F7C28E41EAE00251D26;
			remoteInfo = "Question App";
		};
		96FF7F9E28E41EB300251D26 /* PBXContainerItemProxy */ = {
			isa = PBXContainerItemProxy;
			containerPortal = 96FF7F7528E41EAE00251D26 /* Project object */;
			proxyType = 1;
			remoteGlobalIDString = 96FF7F7C28E41EAE00251D26;
			remoteInfo = "Question App";
		};
/* End PBXContainerItemProxy section */

/* Begin PBXFileReference section */
		96FF7F7D28E41EAE00251D26 /* Question App.app */ = {isa = PBXFileReference; explicitFileType = wrapper.application; includeInIndex = 0; path = "Question App.app"; sourceTree = BUILT_PRODUCTS_DIR; };
		96FF7F8028E41EAE00251D26 /* AppDelegate.swift */ = {isa = PBXFileReference; lastKnownFileType = sourcecode.swift; path = AppDelegate.swift; sourceTree = "<group>"; };
		96FF7F8228E41EAE00251D26 /* SceneDelegate.swift */ = {isa = PBXFileReference; lastKnownFileType = sourcecode.swift; path = SceneDelegate.swift; sourceTree = "<group>"; };
		96FF7F8428E41EAE00251D26 /* ViewController.swift */ = {isa = PBXFileReference; lastKnownFileType = sourcecode.swift; path = ViewController.swift; sourceTree = "<group>"; };
		96FF7F8728E41EAE00251D26 /* Base */ = {isa = PBXFileReference; lastKnownFileType = file.storyboard; name = Base; path = Base.lproj/Main.storyboard; sourceTree = "<group>"; };
		96FF7F8928E41EB200251D26 /* Assets.xcassets */ = {isa = PBXFileReference; lastKnownFileType = folder.assetcatalog; path = Assets.xcassets; sourceTree = "<group>"; };
		96FF7F8C28E41EB200251D26 /* Base */ = {isa = PBXFileReference; lastKnownFileType = file.storyboard; name = Base; path = Base.lproj/LaunchScreen.storyboard; sourceTree = "<group>"; };
		96FF7F8E28E41EB200251D26 /* Info.plist */ = {isa = PBXFileReference; lastKnownFileType = text.plist.xml; path = Info.plist; sourceTree = "<group>"; };
		96FF7F9328E41EB300251D26 /* Question AppTests.xctest */ = {isa = PBXFileReference; explicitFileType = wrapper.cfbundle; includeInIndex = 0; path = "Question AppTests.xctest"; sourceTree = BUILT_PRODUCTS_DIR; };
		96FF7F9728E41EB300251D26 /* Question_AppTests.swift */ = {isa = PBXFileReference; lastKnownFileType = sourcecode.swift; path = Question_AppTests.swift; sourceTree = "<group>"; };
		96FF7F9D28E41EB300251D26 /* Question AppUITests.xctest */ = {isa = PBXFileReference; explicitFileType = wrapper.cfbundle; includeInIndex = 0; path = "Question AppUITests.xctest"; sourceTree = BUILT_PRODUCTS_DIR; };
		96FF7FA128E41EB300251D26 /* Question_AppUITests.swift */ = {isa = PBXFileReference; lastKnownFileType = sourcecode.swift; path = Question_AppUITests.swift; sourceTree = "<group>"; };
		96FF7FA328E41EB300251D26 /* Question_AppUITestsLaunchTests.swift */ = {isa = PBXFileReference; lastKnownFileType = sourcecode.swift; path = Question_AppUITestsLaunchTests.swift; sourceTree = "<group>"; };
/* End PBXFileReference section */

/* Begin PBXFrameworksBuildPhase section */
		96FF7F7A28E41EAE00251D26 /* Frameworks */ = {
			isa = PBXFrameworksBuildPhase;
			buildActionMask = 2147483647;
			files = (
			);
			runOnlyForDeploymentPostprocessing = 0;
		};
		96FF7F9028E41EB300251D26 /* Frameworks */ = {
			isa = PBXFrameworksBuildPhase;
			buildActionMask = 2147483647;
			files = (
			);
			runOnlyForDeploymentPostprocessing = 0;
		};
		96FF7F9A28E41EB300251D26 /* Frameworks */ = {
			isa = PBXFrameworksBuildPhase;
			buildActionMask = 2147483647;
			files = (
			);
			runOnlyForDeploymentPostprocessing = 0;
		};
/* End PBXFrameworksBuildPhase section */

/* Begin PBXGroup section */
		96FF7F7428E41EAE00251D26 = {
			isa = PBXGroup;
			children = (
				96FF7F7F28E41EAE00251D26 /* Question App */,
				96FF7F9628E41EB300251D26 /* Question AppTests */,
				96FF7FA028E41EB300251D26 /* Question AppUITests */,
				96FF7F7E28E41EAE00251D26 /* Products */,
			);
			sourceTree = "<group>";
		};
		96FF7F7E28E41EAE00251D26 /* Products */ = {
			isa = PBXGroup;
			children = (
				96FF7F7D28E41EAE00251D26 /* Question App.app */,
				96FF7F9328E41EB300251D26 /* Question AppTests.xctest */,
				96FF7F9D28E41EB300251D26 /* Question AppUITests.xctest */,
			);
			name = Products;
			sourceTree = "<group>";
		};
		96FF7F7F28E41EAE00251D26 /* Question App */ = {
			isa = PBXGroup;
			children = (
				96FF7F8028E41EAE00251D26 /* AppDelegate.swift */,
				96FF7F8228E41EAE00251D26 /* SceneDelegate.swift */,
				96FF7F8428E41EAE00251D26 /* ViewController.swift */,
				96FF7F8628E41EAE00251D26 /* Main.storyboard */,
				96FF7F8928E41EB200251D26 /* Assets.xcassets */,
				96FF7F8B28E41EB200251D26 /* LaunchScreen.storyboard */,
				96FF7F8E28E41EB200251D26 /* Info.plist */,
			);
			path = "Question App";
			sourceTree = "<group>";
		};
		96FF7F9628E41EB300251D26 /* Question AppTests */ = {
			isa = PBXGroup;
			children = (
				96FF7F9728E41EB300251D26 /* Question_AppTests.swift */,
			);
			path = "Question AppTests";
			sourceTree = "<group>";
		};
		96FF7FA028E41EB300251D26 /* Question AppUITests */ = {
			isa = PBXGroup;
			children = (
				96FF7FA128E41EB300251D26 /* Question_AppUITests.swift */,
				96FF7FA328E41EB300251D26 /* Question_AppUITestsLaunchTests.swift */,
			);
			path = "Question AppUITests";
			sourceTree = "<group>";
		};
/* End PBXGroup section */

/* Begin PBXNativeTarget section */
		96FF7F7C28E41EAE00251D26 /* Question App */ = {
			isa = PBXNativeTarget;
			buildConfigurationList = 96FF7FA728E41EB300251D26 /* Build configuration list for PBXNativeTarget "Question App" */;
			buildPhases = (
				96FF7F7928E41EAE00251D26 /* Sources */,
				96FF7F7A28E41EAE00251D26 /* Frameworks */,
				96FF7F7B28E41EAE00251D26 /* Resources */,
			);
			buildRules = (
			);
			dependencies = (
			);
			name = "Question App";
			productName = "Question App";
			productReference = 96FF7F7D28E41EAE00251D26 /* Question App.app */;
			productType = "com.apple.product-type.application";
		};
		96FF7F9228E41EB300251D26 /* Question AppTests */ = {
			isa = PBXNativeTarget;
			buildConfigurationList = 96FF7FAA28E41EB300251D26 /* Build configuration list for PBXNativeTarget "Question AppTests" */;
			buildPhases = (
				96FF7F8F28E41EB300251D26 /* Sources */,
				96FF7F9028E41EB300251D26 /* Frameworks */,
				96FF7F9128E41EB300251D26 /* Resources */,
			);
			buildRules = (
			);
			dependencies = (
				96FF7F9528E41EB300251D26 /* PBXTargetDependency */,
			);
			name = "Question AppTests";
			productName = "Question AppTests";
			productReference = 96FF7F9328E41EB300251D26 /* Question AppTests.xctest */;
			productType = "com.apple.product-type.bundle.unit-test";
		};
		96FF7F9C28E41EB300251D26 /* Question AppUITests */ = {
			isa = PBXNativeTarget;
			buildConfigurationList = 96FF7FAD28E41EB300251D26 /* Build configuration list for PBXNativeTarget "Question AppUITests" */;
			buildPhases = (
				96FF7F9928E41EB300251D26 /* Sources */,
				96FF7F9A28E41EB300251D26 /* Frameworks */,
				96FF7F9B28E41EB300251D26 /* Resources */,
			);
			buildRules = (
			);
			dependencies = (
				96FF7F9F28E41EB300251D26 /* PBXTargetDependency */,
			);
			name = "Question AppUITests";
			productName = "Question AppUITests";
			productReference = 96FF7F9D28E41EB300251D26 /* Question AppUITests.xctest */;
			productType = "com.apple.product-type.bundle.ui-testing";
		};
/* End PBXNativeTarget section */

/* Begin PBXProject section */
		96FF7F7528E41EAE00251D26 /* Project object */ = {
			isa = PBXProject;
			attributes = {
				BuildIndependentTargetsInParallel = 1;
				LastSwiftUpdateCheck = 1340;
				LastUpgradeCheck = 1340;
				TargetAttributes = {
					96FF7F7C28E41EAE00251D26 = {
						CreatedOnToolsVersion = 13.4.1;
					};
					96FF7F9228E41EB300251D26 = {
						CreatedOnToolsVersion = 13.4.1;
						TestTargetID = 96FF7F7C28E41EAE00251D26;
					};
					96FF7F9C28E41EB300251D26 = {
						CreatedOnToolsVersion = 13.4.1;
						TestTargetID = 96FF7F7C28E41EAE00251D26;
					};
				};
			};
			buildConfigurationList = 96FF7F7828E41EAE00251D26 /* Build configuration list for PBXProject "Question App" */;
			compatibilityVersion = "Xcode 13.0";
			developmentRegion = en;
			hasScannedForEncodings = 0;
			knownRegions = (
				en,
				Base,
			);
			mainGroup = 96FF7F7428E41EAE00251D26;
			productRefGroup = 96FF7F7E28E41EAE00251D26 /* Products */;
			projectDirPath = "";
			projectRoot = "";
			targets = (
				96FF7F7C28E41EAE00251D26 /* Question App */,
				96FF7F9228E41EB300251D26 /* Question AppTests */,
				96FF7F9C28E41EB300251D26 /* Question AppUITests */,
			);
		};
/* End PBXProject section */

/* Begin PBXResourcesBuildPhase section */
		96FF7F7B28E41EAE00251D26 /* Resources */ = {
			isa = PBXResourcesBuildPhase;
			buildActionMask = 2147483647;
			files = (
				96FF7F8D28E41EB200251D26 /* LaunchScreen.storyboard in Resources */,
				96FF7F8A28E41EB200251D26 /* Assets.xcassets in Resources */,
				96FF7F8828E41EAE00251D26 /* Main.storyboard in Resources */,
			);
			runOnlyForDeploymentPostprocessing = 0;
		};
		96FF7F9128E41EB300251D26 /* Resources */ = {
			isa = PBXResourcesBuildPhase;
			buildActionMask = 2147483647;
			files = (
			);
			runOnlyForDeploymentPostprocessing = 0;
		};
		96FF7F9B28E41EB300251D26 /* Resources */ = {
			isa = PBXResourcesBuildPhase;
			buildActionMask = 2147483647;
			files = (
			);
			runOnlyForDeploymentPostprocessing = 0;
		};
/* End PBXResourcesBuildPhase section */

/* Begin PBXSourcesBuildPhase section */
		96FF7F7928E41EAE00251D26 /* Sources */ = {
			isa = PBXSourcesBuildPhase;
			buildActionMask = 2147483647;
			files = (
				96FF7F8528E41EAE00251D26 /* ViewController.swift in Sources */,
				96FF7F8128E41EAE00251D26 /* AppDelegate.swift in Sources */,
				96FF7F8328E41EAE00251D26 /* SceneDelegate.swift in Sources */,
			);
			runOnlyForDeploymentPostprocessing = 0;
		};
		96FF7F8F28E41EB300251D26 /* Sources */ = {
			isa = PBXSourcesBuildPhase;
			buildActionMask = 2147483647;
			files = (
				96FF7F9828E41EB300251D26 /* Question_AppTests.swift in Sources */,
			);
			runOnlyForDeploymentPostprocessing = 0;
		};
		96FF7F9928E41EB300251D26 /* Sources */ = {
			isa = PBXSourcesBuildPhase;
			buildActionMask = 2147483647;
			files = (
				96FF7FA428E41EB300251D26 /* Question_AppUITestsLaunchTests.swift in Sources */,
				96FF7FA228E41EB300251D26 /* Question_AppUITests.swift in Sources */,
			);
			runOnlyForDeploymentPostprocessing = 0;
		};
/* End PBXSourcesBuildPhase section */

/* Begin PBXTargetDependency section */
		96FF7F9528E41EB300251D26 /* PBXTargetDependency */ = {
			isa = PBXTargetDependency;
			target = 96FF7F7C28E41EAE00251D26 /* Question App */;
			targetProxy = 96FF7F9428E41EB300251D26 /* PBXContainerItemProxy */;
		};
		96FF7F9F28E41EB300251D26 /* PBXTargetDependency */ = {
			isa = PBXTargetDependency;
			target = 96FF7F7C28E41EAE00251D26 /* Question App */;
			targetProxy = 96FF7F9E28E41EB300251D26 /* PBXContainerItemProxy */;
		};
/* End PBXTargetDependency section */

/* Begin PBXVariantGroup section */
		96FF7F8628E41EAE00251D26 /* Main.storyboard */ = {
			isa = PBXVariantGroup;
			children = (
				96FF7F8728E41EAE00251D26 /* Base */,
			);
			name = Main.storyboard;
			sourceTree = "<group>";
		};
		96FF7F8B28E41EB200251D26 /* LaunchScreen.storyboard */ = {
			isa = PBXVariantGroup;
			children = (
				96FF7F8C28E41EB200251D26 /* Base */,
			);
			name = LaunchScreen.storyboard;
			sourceTree = "<group>";
		};
/* End PBXVariantGroup section */

/* Begin XCBuildConfiguration section */
		96FF7FA528E41EB300251D26 /* Debug */ = {
			isa = XCBuildConfiguration;
			buildSettings = {
				ALWAYS_SEARCH_USER_PATHS = NO;
				CLANG_ANALYZER_NONNULL = YES;
				CLANG_ANALYZER_NUMBER_OBJECT_CONVERSION = YES_AGGRESSIVE;
				CLANG_CXX_LANGUAGE_STANDARD = "gnu++17";
				CLANG_ENABLE_MODULES = YES;
				CLANG_ENABLE_OBJC_ARC = YES;
				CLANG_ENABLE_OBJC_WEAK = YES;
				CLANG_WARN_BLOCK_CAPTURE_AUTORELEASING = YES;
				CLANG_WARN_BOOL_CONVERSION = YES;
				CLANG_WARN_COMMA = YES;
				CLANG_WARN_CONSTANT_CONVERSION = YES;
				CLANG_WARN_DEPRECATED_OBJC_IMPLEMENTATIONS = YES;
				CLANG_WARN_DIRECT_OBJC_ISA_USAGE = YES_ERROR;
				CLANG_WARN_DOCUMENTATION_COMMENTS = YES;
				CLANG_WARN_EMPTY_BODY = YES;
				CLANG_WARN_ENUM_CONVERSION = YES;
				CLANG_WARN_INFINITE_RECURSION = YES;
				CLANG_WARN_INT_CONVERSION = YES;
				CLANG_WARN_NON_LITERAL_NULL_CONVERSION = YES;
				CLANG_WARN_OBJC_IMPLICIT_RETAIN_SELF = YES;
				CLANG_WARN_OBJC_LITERAL_CONVERSION = YES;
				CLANG_WARN_OBJC_ROOT_CLASS = YES_ERROR;
				CLANG_WARN_QUOTED_INCLUDE_IN_FRAMEWORK_HEADER = YES;
				CLANG_WARN_RANGE_LOOP_ANALYSIS = YES;
				CLANG_WARN_STRICT_PROTOTYPES = YES;
				CLANG_WARN_SUSPICIOUS_MOVE = YES;
				CLANG_WARN_UNGUARDED_AVAILABILITY = YES_AGGRESSIVE;
				CLANG_WARN_UNREACHABLE_CODE = YES;
				CLANG_WARN__DUPLICATE_METHOD_MATCH = YES;
				COPY_PHASE_STRIP = NO;
				DEBUG_INFORMATION_FORMAT = dwarf;
				ENABLE_STRICT_OBJC_MSGSEND = YES;
				ENABLE_TESTABILITY = YES;
				GCC_C_LANGUAGE_STANDARD = gnu11;
				GCC_DYNAMIC_NO_PIC = NO;
				GCC_NO_COMMON_BLOCKS = YES;
				GCC_OPTIMIZATION_LEVEL = 0;
				GCC_PREPROCESSOR_DEFINITIONS = (
					"DEBUG=1",
					"$(inherited)",
				);
				GCC_WARN_64_TO_32_BIT_CONVERSION = YES;
				GCC_WARN_ABOUT_RETURN_TYPE = YES_ERROR;
				GCC_WARN_UNDECLARED_SELECTOR = YES;
				GCC_WARN_UNINITIALIZED_AUTOS = YES_AGGRESSIVE;
				GCC_WARN_UNUSED_FUNCTION = YES;
				GCC_WARN_UNUSED_VARIABLE = YES;
				IPHONEOS_DEPLOYMENT_TARGET = 15.5;
				MTL_ENABLE_DEBUG_INFO = INCLUDE_SOURCE;
				MTL_FAST_MATH = YES;
				ONLY_ACTIVE_ARCH = YES;
				SDKROOT = iphoneos;
				SWIFT_ACTIVE_COMPILATION_CONDITIONS = DEBUG;
				SWIFT_OPTIMIZATION_LEVEL = "-Onone";
			};
			name = Debug;
		};
		96FF7FA628E41EB300251D26 /* Release */ = {
			isa = XCBuildConfiguration;
			buildSettings = {
				ALWAYS_SEARCH_USER_PATHS = NO;
				CLANG_ANALYZER_NONNULL = YES;
				CLANG_ANALYZER_NUMBER_OBJECT_CONVERSION = YES_AGGRESSIVE;
				CLANG_CXX_LANGUAGE_STANDARD = "gnu++17";
				CLANG_ENABLE_MODULES = YES;
				CLANG_ENABLE_OBJC_ARC = YES;
				CLANG_ENABLE_OBJC_WEAK = YES;
				CLANG_WARN_BLOCK_CAPTURE_AUTORELEASING = YES;
				CLANG_WARN_BOOL_CONVERSION = YES;
				CLANG_WARN_COMMA = YES;
				CLANG_WARN_CONSTANT_CONVERSION = YES;
				CLANG_WARN_DEPRECATED_OBJC_IMPLEMENTATIONS = YES;
				CLANG_WARN_DIRECT_OBJC_ISA_USAGE = YES_ERROR;
				CLANG_WARN_DOCUMENTATION_COMMENTS = YES;
				CLANG_WARN_EMPTY_BODY = YES;
				CLANG_WARN_ENUM_CONVERSION = YES;
				CLANG_WARN_INFINITE_RECURSION = YES;
				CLANG_WARN_INT_CONVERSION = YES;
				CLANG_WARN_NON_LITERAL_NULL_CONVERSION = YES;
				CLANG_WARN_OBJC_IMPLICIT_RETAIN_SELF = YES;
				CLANG_WARN_OBJC_LITERAL_CONVERSION = YES;
				CLANG_WARN_OBJC_ROOT_CLASS = YES_ERROR;
				CLANG_WARN_QUOTED_INCLUDE_IN_FRAMEWORK_HEADER = YES;
				CLANG_WARN_RANGE_LOOP_ANALYSIS = YES;
				CLANG_WARN_STRICT_PROTOTYPES = YES;
				CLANG_WARN_SUSPICIOUS_MOVE = YES;
				CLANG_WARN_UNGUARDED_AVAILABILITY = YES_AGGRESSIVE;
				CLANG_WARN_UNREACHABLE_CODE = YES;
				CLANG_WARN__DUPLICATE_METHOD_MATCH = YES;
				COPY_PHASE_STRIP = NO;
				DEBUG_INFORMATION_FORMAT = "dwarf-with-dsym";
				ENABLE_NS_ASSERTIONS = NO;
				ENABLE_STRICT_OBJC_MSGSEND = YES;
				GCC_C_LANGUAGE_STANDARD = gnu11;
				GCC_NO_COMMON_BLOCKS = YES;
				GCC_WARN_64_TO_32_BIT_CONVERSION = YES;
				GCC_WARN_ABOUT_RETURN_TYPE = YES_ERROR;
				GCC_WARN_UNDECLARED_SELECTOR = YES;
				GCC_WARN_UNINITIALIZED_AUTOS = YES_AGGRESSIVE;
				GCC_WARN_UNUSED_FUNCTION = YES;
				GCC_WARN_UNUSED_VARIABLE = YES;
				IPHONEOS_DEPLOYMENT_TARGET = 15.5;
				MTL_ENABLE_DEBUG_INFO = NO;
				MTL_FAST_MATH = YES;
				SDKROOT = iphoneos;
				SWIFT_COMPILATION_MODE = wholemodule;
				SWIFT_OPTIMIZATION_LEVEL = "-O";
				VALIDATE_PRODUCT = YES;
			};
			name = Release;
		};
		96FF7FA828E41EB300251D26 /* Debug */ = {
			isa = XCBuildConfiguration;
			buildSettings = {
				ASSETCATALOG_COMPILER_APPICON_NAME = AppIcon;
				ASSETCATALOG_COMPILER_GLOBAL_ACCENT_COLOR_NAME = AccentColor;
				CODE_SIGN_STYLE = Automatic;
				CURRENT_PROJECT_VERSION = 1;
				GENERATE_INFOPLIST_FILE = YES;
				INFOPLIST_FILE = "Question App/Info.plist";
				INFOPLIST_KEY_UIApplicationSupportsIndirectInputEvents = YES;
				INFOPLIST_KEY_UILaunchStoryboardName = LaunchScreen;
				INFOPLIST_KEY_UIMainStoryboardFile = Main;
				INFOPLIST_KEY_UISupportedInterfaceOrientations_iPad = "UIInterfaceOrientationPortrait UIInterfaceOrientationPortraitUpsideDown UIInterfaceOrientationLandscapeLeft UIInterfaceOrientationLandscapeRight";
				INFOPLIST_KEY_UISupportedInterfaceOrientations_iPhone = "UIInterfaceOrientationPortrait UIInterfaceOrientationLandscapeLeft UIInterfaceOrientationLandscapeRight";
				LD_RUNPATH_SEARCH_PATHS = (
					"$(inherited)",
					"@executable_path/Frameworks",
				);
				MARKETING_VERSION = 1.0;
				PRODUCT_BUNDLE_IDENTIFIER = "Siril.Question-App";
				PRODUCT_NAME = "$(TARGET_NAME)";
				SWIFT_EMIT_LOC_STRINGS = YES;
				SWIFT_VERSION = 5.0;
				TARGETED_DEVICE_FAMILY = "1,2";
			};
			name = Debug;
		};
		96FF7FA928E41EB300251D26 /* Release */ = {
			isa = XCBuildConfiguration;
			buildSettings = {
				ASSETCATALOG_COMPILER_APPICON_NAME = AppIcon;
				ASSETCATALOG_COMPILER_GLOBAL_ACCENT_COLOR_NAME = AccentColor;
				CODE_SIGN_STYLE = Automatic;
				CURRENT_PROJECT_VERSION = 1;
				GENERATE_INFOPLIST_FILE = YES;
				INFOPLIST_FILE = "Question App/Info.plist";
				INFOPLIST_KEY_UIApplicationSupportsIndirectInputEvents = YES;
				INFOPLIST_KEY_UILaunchStoryboardName = LaunchScreen;
				INFOPLIST_KEY_UIMainStoryboardFile = Main;
				INFOPLIST_KEY_UISupportedInterfaceOrientations_iPad = "UIInterfaceOrientationPortrait UIInterfaceOrientationPortraitUpsideDown UIInterfaceOrientationLandscapeLeft UIInterfaceOrientationLandscapeRight";
				INFOPLIST_KEY_UISupportedInterfaceOrientations_iPhone = "UIInterfaceOrientationPortrait UIInterfaceOrientationLandscapeLeft UIInterfaceOrientationLandscapeRight";
				LD_RUNPATH_SEARCH_PATHS = (
					"$(inherited)",
					"@executable_path/Frameworks",
				);
				MARKETING_VERSION = 1.0;
				PRODUCT_BUNDLE_IDENTIFIER = "Siril.Question-App";
				PRODUCT_NAME = "$(TARGET_NAME)";
				SWIFT_EMIT_LOC_STRINGS = YES;
				SWIFT_VERSION = 5.0;
				TARGETED_DEVICE_FAMILY = "1,2";
			};
			name = Release;
		};
		96FF7FAB28E41EB300251D26 /* Debug */ = {
			isa = XCBuildConfiguration;
			buildSettings = {
				ALWAYS_EMBED_SWIFT_STANDARD_LIBRARIES = YES;
				BUNDLE_LOADER = "$(TEST_HOST)";
				CODE_SIGN_STYLE = Automatic;
				CURRENT_PROJECT_VERSION = 1;
				GENERATE_INFOPLIST_FILE = YES;
				IPHONEOS_DEPLOYMENT_TARGET = 15.5;
				MARKETING_VERSION = 1.0;
				PRODUCT_BUNDLE_IDENTIFIER = "Siril.Question-AppTests";
				PRODUCT_NAME = "$(TARGET_NAME)";
				SWIFT_EMIT_LOC_STRINGS = NO;
				SWIFT_VERSION = 5.0;
				TARGETED_DEVICE_FAMILY = "1,2";
				TEST_HOST = "$(BUILT_PRODUCTS_DIR)/Question App.app/Question App";
			};
			name = Debug;
		};
		96FF7FAC28E41EB300251D26 /* Release */ = {
			isa = XCBuildConfiguration;
			buildSettings = {
				ALWAYS_EMBED_SWIFT_STANDARD_LIBRARIES = YES;
				BUNDLE_LOADER = "$(TEST_HOST)";
				CODE_SIGN_STYLE = Automatic;
				CURRENT_PROJECT_VERSION = 1;
				GENERATE_INFOPLIST_FILE = YES;
				IPHONEOS_DEPLOYMENT_TARGET = 15.5;
				MARKETING_VERSION = 1.0;
				PRODUCT_BUNDLE_IDENTIFIER = "Siril.Question-AppTests";
				PRODUCT_NAME = "$(TARGET_NAME)";
				SWIFT_EMIT_LOC_STRINGS = NO;
				SWIFT_VERSION = 5.0;
				TARGETED_DEVICE_FAMILY = "1,2";
				TEST_HOST = "$(BUILT_PRODUCTS_DIR)/Question App.app/Question App";
			};
			name = Release;
		};
		96FF7FAE28E41EB300251D26 /* Debug */ = {
			isa = XCBuildConfiguration;
			buildSettings = {
				ALWAYS_EMBED_SWIFT_STANDARD_LIBRARIES = YES;
				CODE_SIGN_STYLE = Automatic;
				CURRENT_PROJECT_VERSION = 1;
				GENERATE_INFOPLIST_FILE = YES;
				MARKETING_VERSION = 1.0;
				PRODUCT_BUNDLE_IDENTIFIER = "Siril.Question-AppUITests";
				PRODUCT_NAME = "$(TARGET_NAME)";
				SWIFT_EMIT_LOC_STRINGS = NO;
				SWIFT_VERSION = 5.0;
				TARGETED_DEVICE_FAMILY = "1,2";
				TEST_TARGET_NAME = "Question App";
			};
			name = Debug;
		};
		96FF7FAF28E41EB300251D26 /* Release */ = {
			isa = XCBuildConfiguration;
			buildSettings = {
				ALWAYS_EMBED_SWIFT_STANDARD_LIBRARIES = YES;
				CODE_SIGN_STYLE = Automatic;
				CURRENT_PROJECT_VERSION = 1;
				GENERATE_INFOPLIST_FILE = YES;
				MARKETING_VERSION = 1.0;
				PRODUCT_BUNDLE_IDENTIFIER = "Siril.Question-AppUITests";
				PRODUCT_NAME = "$(TARGET_NAME)";
				SWIFT_EMIT_LOC_STRINGS = NO;
				SWIFT_VERSION = 5.0;
				TARGETED_DEVICE_FAMILY = "1,2";
				TEST_TARGET_NAME = "Question App";
			};
			name = Release;
		};
/* End XCBuildConfiguration section */

/* Begin XCConfigurationList section */
		96FF7F7828E41EAE00251D26 /* Build configuration list for PBXProject "Question App" */ = {
			isa = XCConfigurationList;
			buildConfigurations = (
				96FF7FA528E41EB300251D26 /* Debug */,
				96FF7FA628E41EB300251D26 /* Release */,
			);
			defaultConfigurationIsVisible = 0;
			defaultConfigurationName = Release;
		};
		96FF7FA728E41EB300251D26 /* Build configuration list for PBXNativeTarget "Question App" */ = {
			isa = XCConfigurationList;
			buildConfigurations = (
				96FF7FA828E41EB300251D26 /* Debug */,
				96FF7FA928E41EB300251D26 /* Release */,
			);
			defaultConfigurationIsVisible = 0;
			defaultConfigurationName = Release;
		};
		96FF7FAA28E41EB300251D26 /* Build configuration list for PBXNativeTarget "Question AppTests" */ = {
			isa = XCConfigurationList;
			buildConfigurations = (
				96FF7FAB28E41EB300251D26 /* Debug */,
				96FF7FAC28E41EB300251D26 /* Release */,
			);
			defaultConfigurationIsVisible = 0;
			defaultConfigurationName = Release;
		};
		96FF7FAD28E41EB300251D26 /* Build configuration list for PBXNativeTarget "Question AppUITests" */ = {
			isa = XCConfigurationList;
			buildConfigurations = (
				96FF7FAE28E41EB300251D26 /* Debug */,
				96FF7FAF28E41EB300251D26 /* Release */,
			);
			defaultConfigurationIsVisible = 0;
			defaultConfigurationName = Release;
		};
/* End XCConfigurationList section */
	};
	rootObject = 96FF7F7528E41EAE00251D26 /* Project object */;
}
